
Microsoft Visual Studio Solution File, Format Version 12.00
# Visual Studio Version 17
VisualStudioVersion = 17.11.35312.102
MinimumVisualStudioVersion = 10.0.40219.1
Project("{FAE04EC0-301F-11D3-BF4B-00C04F79EFBC}") = "Homework3", "Homework3\Homework3.csproj", "{BBFEA2D1-DA7B-477D-9099-66586D455A15}"
EndProject
Global
	GlobalSection(SolutionConfigurationPlatforms) = preSolution
		Debug|Any CPU = Debug|Any CPU
		Release|Any CPU = Release|Any CPU
	EndGlobalSection
	GlobalSection(ProjectConfigurationPlatforms) = postSolution
		{BBFEA2D1-DA7B-477D-9099-66586D455A15}.Debug|Any CPU.ActiveCfg = Debug|Any CPU
		{BBFEA2D1-DA7B-477D-9099-66586D455A15}.Debug|Any CPU.Build.0 = Debug|Any CPU
		{BBFEA2D1-DA7B-477D-9099-66586D455A15}.Release|Any CPU.ActiveCfg = Release|Any CPU
		{BBFEA2D1-DA7B-477D-9099-66586D455A15}.Release|Any CPU.Build.0 = Release|Any CPU
	EndGlobalSection
	GlobalSection(SolutionProperties) = preSolution
		HideSolutionNode = FALSE
	EndGlobalSection
	GlobalSection(ExtensibilityGlobals) = postSolution
		SolutionGuid = {6B1FB27B-9B86-4B6B-B91B-DF3096A44C14}
	EndGlobalSection
EndGlobal
